
Microsoft Visual Studio Solution File, Format Version 12.00
# Visual Studio Version 17
VisualStudioVersion = 17.3.32901.215
MinimumVisualStudioVersion = 10.0.40219.1
Project("{FAE04EC0-301F-11D3-BF4B-00C04F79EFBC}") = "EhliyetV2", "EhliyetV2\EhliyetV2.csproj", "{B9B42CF3-0B16-4B18-A122-755624FF98D1}"
EndProject
Global
	GlobalSection(SolutionConfigurationPlatforms) = preSolution
		Debug|Any CPU = Debug|Any CPU
		Release|Any CPU = Release|Any CPU
	EndGlobalSection
	GlobalSection(ProjectConfigurationPlatforms) = postSolution
		{B9B42CF3-0B16-4B18-A122-755624FF98D1}.Debug|Any CPU.ActiveCfg = Debug|Any CPU
		{B9B42CF3-0B16-4B18-A122-755624FF98D1}.Debug|Any CPU.Build.0 = Debug|Any CPU
		{B9B42CF3-0B16-4B18-A122-755624FF98D1}.Release|Any CPU.ActiveCfg = Release|Any CPU
		{B9B42CF3-0B16-4B18-A122-755624FF98D1}.Release|Any CPU.Build.0 = Release|Any CPU
	EndGlobalSection
	GlobalSection(SolutionProperties) = preSolution
		HideSolutionNode = FALSE
	EndGlobalSection
	GlobalSection(ExtensibilityGlobals) = postSolution
		SolutionGuid = {6D132F33-AD6C-4A5C-B5A0-24F910CFACB6}
	EndGlobalSection
EndGlobal
